// !$*UTF8*$!
{
	archiveVersion = 1;
	classes = {
	};
	objectVersion = 46;
	objects = {

/* Begin PBXBuildFile section */
		9C57F9111C02C1270067D69C /* tikyu.jpg in Resources */ = {isa = PBXBuildFile; fileRef = 9C57F9101C02C1270067D69C /* tikyu.jpg */; };
		9C57F9131C0476440067D69C /* hoshi2.jpg in Resources */ = {isa = PBXBuildFile; fileRef = 9C57F9121C0476440067D69C /* hoshi2.jpg */; };
		9C57F9171C073F3D0067D69C /* IMG_3430.JPG in Resources */ = {isa = PBXBuildFile; fileRef = 9C57F9161C073F3D0067D69C /* IMG_3430.JPG */; };
		9C57F91B1C0742C00067D69C /* ios in Resources */ = {isa = PBXBuildFile; fileRef = 9C57F91A1C0742C00067D69C /* ios */; };
		9C6AEF4E1C1AB656000CA644 /* スクリーンショット 2015-12-11 16.36.02.png in Resources */ = {isa = PBXBuildFile; fileRef = 9C6AEF4D1C1AB656000CA644 /* スクリーンショット 2015-12-11 16.36.02.png */; };
		9C6AEF501C1AD3EA000CA644 /* ha-to.png in Resources */ = {isa = PBXBuildFile; fileRef = 9C6AEF4F1C1AD3EA000CA644 /* ha-to.png */; };
		9C91029E1C007E5800592470 /* hoshi1.jpg in Resources */ = {isa = PBXBuildFile; fileRef = 9C91029D1C007E5800592470 /* hoshi1.jpg */; };
		9C9102A01C008D3200592470 /* utyujin.jpg in Resources */ = {isa = PBXBuildFile; fileRef = 9C91029F1C008D3200592470 /* utyujin.jpg */; };
		9CC2DF0C1BEEE34C0040C7AA /* AppDelegate.swift in Sources */ = {isa = PBXBuildFile; fileRef = 9CC2DF0B1BEEE34C0040C7AA /* AppDelegate.swift */; };
		9CC2DF0E1BEEE34C0040C7AA /* GameViewController.swift in Sources */ = {isa = PBXBuildFile; fileRef = 9CC2DF0D1BEEE34C0040C7AA /* GameViewController.swift */; };
		9CC2DF111BEEE34C0040C7AA /* Main.storyboard in Resources */ = {isa = PBXBuildFile; fileRef = 9CC2DF0F1BEEE34C0040C7AA /* Main.storyboard */; };
		9CC2DF131BEEE34C0040C7AA /* Assets.xcassets in Resources */ = {isa = PBXBuildFile; fileRef = 9CC2DF121BEEE34C0040C7AA /* Assets.xcassets */; };
		9CC2DF161BEEE34C0040C7AA /* LaunchScreen.storyboard in Resources */ = {isa = PBXBuildFile; fileRef = 9CC2DF141BEEE34C0040C7AA /* LaunchScreen.storyboard */; };
		9CC2DF211BEEE34D0040C7AA /* uty_jinTests.swift in Sources */ = {isa = PBXBuildFile; fileRef = 9CC2DF201BEEE34D0040C7AA /* uty_jinTests.swift */; };
		9CC2DF2C1BEEE34D0040C7AA /* uty_jinUITests.swift in Sources */ = {isa = PBXBuildFile; fileRef = 9CC2DF2B1BEEE34D0040C7AA /* uty_jinUITests.swift */; };
		9CC2DF3A1BEEE4B90040C7AA /* FancyBalloons in Resources */ = {isa = PBXBuildFile; fileRef = 9CC2DF391BEEE4B90040C7AA /* FancyBalloons */; };
		9CC2DF421BEF15D30040C7AA /* MainViewController.swift in Sources */ = {isa = PBXBuildFile; fileRef = 9CC2DF411BEF15D30040C7AA /* MainViewController.swift */; };
		9CC2DF441BEF15E30040C7AA /* StaeViewController.swift in Sources */ = {isa = PBXBuildFile; fileRef = 9CC2DF431BEF15E30040C7AA /* StaeViewController.swift */; };
		9CC2DF4C1BF5FDBD0040C7AA /* GameScene.swift in Sources */ = {isa = PBXBuildFile; fileRef = 9CC2DF4B1BF5FDBD0040C7AA /* GameScene.swift */; };
		9CC2DF4E1BF604CF0040C7AA /* utyujin2.PNG in Resources */ = {isa = PBXBuildFile; fileRef = 9CC2DF4D1BF604CF0040C7AA /* utyujin2.PNG */; };
		9CC2DF501BFF3E2F0040C7AA /* utyujin1.PNG in Resources */ = {isa = PBXBuildFile; fileRef = 9CC2DF4F1BFF3E2F0040C7AA /* utyujin1.PNG */; };
/* End PBXBuildFile section */

/* Begin PBXContainerItemProxy section */
		9CC2DF1D1BEEE34D0040C7AA /* PBXContainerItemProxy */ = {
			isa = PBXContainerItemProxy;
			containerPortal = 9CC2DF001BEEE34C0040C7AA /* Project object */;
			proxyType = 1;
			remoteGlobalIDString = 9CC2DF071BEEE34C0040C7AA;
			remoteInfo = "uty-jin";
		};
		9CC2DF281BEEE34D0040C7AA /* PBXContainerItemProxy */ = {
			isa = PBXContainerItemProxy;
			containerPortal = 9CC2DF001BEEE34C0040C7AA /* Project object */;
			proxyType = 1;
			remoteGlobalIDString = 9CC2DF071BEEE34C0040C7AA;
			remoteInfo = "uty-jin";
		};
/* End PBXContainerItemProxy section */

/* Begin PBXFileReference section */
		9C57F9101C02C1270067D69C /* tikyu.jpg */ = {isa = PBXFileReference; lastKnownFileType = image.jpeg; path = tikyu.jpg; sourceTree = "<group>"; };
		9C57F9121C0476440067D69C /* hoshi2.jpg */ = {isa = PBXFileReference; lastKnownFileType = image.jpeg; path = hoshi2.jpg; sourceTree = "<group>"; };
		9C57F9161C073F3D0067D69C /* IMG_3430.JPG */ = {isa = PBXFileReference; lastKnownFileType = image.jpeg; path = IMG_3430.JPG; sourceTree = "<group>"; };
		9C57F91A1C0742C00067D69C /* ios */ = {isa = PBXFileReference; lastKnownFileType = folder; name = ios; path = ../ios; sourceTree = "<group>"; };
		9C6AEF4D1C1AB656000CA644 /* スクリーンショット 2015-12-11 16.36.02.png */ = {isa = PBXFileReference; lastKnownFileType = image.png; path = "スクリーンショット 2015-12-11 16.36.02.png"; sourceTree = "<group>"; };
		9C6AEF4F1C1AD3EA000CA644 /* ha-to.png */ = {isa = PBXFileReference; lastKnownFileType = image.png; path = "ha-to.png"; sourceTree = "<group>"; };
		9C91029D1C007E5800592470 /* hoshi1.jpg */ = {isa = PBXFileReference; lastKnownFileType = image.jpeg; path = hoshi1.jpg; sourceTree = "<group>"; };
		9C91029F1C008D3200592470 /* utyujin.jpg */ = {isa = PBXFileReference; lastKnownFileType = image.jpeg; path = utyujin.jpg; sourceTree = "<group>"; };
		9CC2DF081BEEE34C0040C7AA /* uty-jin.app */ = {isa = PBXFileReference; explicitFileType = wrapper.application; includeInIndex = 0; path = "uty-jin.app"; sourceTree = BUILT_PRODUCTS_DIR; };
		9CC2DF0B1BEEE34C0040C7AA /* AppDelegate.swift */ = {isa = PBXFileReference; lastKnownFileType = sourcecode.swift; path = AppDelegate.swift; sourceTree = "<group>"; };
		9CC2DF0D1BEEE34C0040C7AA /* GameViewController.swift */ = {isa = PBXFileReference; lastKnownFileType = sourcecode.swift; path = GameViewController.swift; sourceTree = "<group>"; };
		9CC2DF101BEEE34C0040C7AA /* Base */ = {isa = PBXFileReference; lastKnownFileType = file.storyboard; name = Base; path = Base.lproj/Main.storyboard; sourceTree = "<group>"; };
		9CC2DF121BEEE34C0040C7AA /* Assets.xcassets */ = {isa = PBXFileReference; lastKnownFileType = folder.assetcatalog; path = Assets.xcassets; sourceTree = "<group>"; };
		9CC2DF151BEEE34C0040C7AA /* Base */ = {isa = PBXFileReference; lastKnownFileType = file.storyboard; name = Base; path = Base.lproj/LaunchScreen.storyboard; sourceTree = "<group>"; };
		9CC2DF171BEEE34C0040C7AA /* Info.plist */ = {isa = PBXFileReference; lastKnownFileType = text.plist.xml; path = Info.plist; sourceTree = "<group>"; };
		9CC2DF1C1BEEE34D0040C7AA /* uty-jinTests.xctest */ = {isa = PBXFileReference; explicitFileType = wrapper.cfbundle; includeInIndex = 0; path = "uty-jinTests.xctest"; sourceTree = BUILT_PRODUCTS_DIR; };
		9CC2DF201BEEE34D0040C7AA /* uty_jinTests.swift */ = {isa = PBXFileReference; lastKnownFileType = sourcecode.swift; path = uty_jinTests.swift; sourceTree = "<group>"; };
		9CC2DF221BEEE34D0040C7AA /* Info.plist */ = {isa = PBXFileReference; lastKnownFileType = text.plist.xml; path = Info.plist; sourceTree = "<group>"; };
		9CC2DF271BEEE34D0040C7AA /* uty-jinUITests.xctest */ = {isa = PBXFileReference; explicitFileType = wrapper.cfbundle; includeInIndex = 0; path = "uty-jinUITests.xctest"; sourceTree = BUILT_PRODUCTS_DIR; };
		9CC2DF2B1BEEE34D0040C7AA /* uty_jinUITests.swift */ = {isa = PBXFileReference; lastKnownFileType = sourcecode.swift; path = uty_jinUITests.swift; sourceTree = "<group>"; };
		9CC2DF2D1BEEE34D0040C7AA /* Info.plist */ = {isa = PBXFileReference; lastKnownFileType = text.plist.xml; path = Info.plist; sourceTree = "<group>"; };
		9CC2DF391BEEE4B90040C7AA /* FancyBalloons */ = {isa = PBXFileReference; lastKnownFileType = folder; path = FancyBalloons; sourceTree = "<group>"; };
		9CC2DF411BEF15D30040C7AA /* MainViewController.swift */ = {isa = PBXFileReference; fileEncoding = 4; lastKnownFileType = sourcecode.swift; path = MainViewController.swift; sourceTree = "<group>"; };
		9CC2DF431BEF15E30040C7AA /* StaeViewController.swift */ = {isa = PBXFileReference; fileEncoding = 4; lastKnownFileType = sourcecode.swift; path = StaeViewController.swift; sourceTree = "<group>"; };
		9CC2DF4B1BF5FDBD0040C7AA /* GameScene.swift */ = {isa = PBXFileReference; fileEncoding = 4; lastKnownFileType = sourcecode.swift; path = GameScene.swift; sourceTree = "<group>"; };
		9CC2DF4D1BF604CF0040C7AA /* utyujin2.PNG */ = {isa = PBXFileReference; lastKnownFileType = image.png; path = utyujin2.PNG; sourceTree = "<group>"; };
		9CC2DF4F1BFF3E2F0040C7AA /* utyujin1.PNG */ = {isa = PBXFileReference; lastKnownFileType = image.png; path = utyujin1.PNG; sourceTree = "<group>"; };
/* End PBXFileReference section */

/* Begin PBXFrameworksBuildPhase section */
		9CC2DF051BEEE34C0040C7AA /* Frameworks */ = {
			isa = PBXFrameworksBuildPhase;
			buildActionMask = 2147483647;
			files = (
			);
			runOnlyForDeploymentPostprocessing = 0;
		};
		9CC2DF191BEEE34D0040C7AA /* Frameworks */ = {
			isa = PBXFrameworksBuildPhase;
			buildActionMask = 2147483647;
			files = (
			);
			runOnlyForDeploymentPostprocessing = 0;
		};
		9CC2DF241BEEE34D0040C7AA /* Frameworks */ = {
			isa = PBXFrameworksBuildPhase;
			buildActionMask = 2147483647;
			files = (
			);
			runOnlyForDeploymentPostprocessing = 0;
		};
/* End PBXFrameworksBuildPhase section */

/* Begin PBXGroup section */
		9CC2DEFF1BEEE34C0040C7AA = {
			isa = PBXGroup;
			children = (
				9CC2DF0A1BEEE34C0040C7AA /* uty-jin */,
				9CC2DF1F1BEEE34D0040C7AA /* uty-jinTests */,
				9CC2DF2A1BEEE34D0040C7AA /* uty-jinUITests */,
				9CC2DF091BEEE34C0040C7AA /* Products */,
			);
			sourceTree = "<group>";
		};
		9CC2DF091BEEE34C0040C7AA /* Products */ = {
			isa = PBXGroup;
			children = (
				9CC2DF081BEEE34C0040C7AA /* uty-jin.app */,
				9CC2DF1C1BEEE34D0040C7AA /* uty-jinTests.xctest */,
				9CC2DF271BEEE34D0040C7AA /* uty-jinUITests.xctest */,
			);
			name = Products;
			sourceTree = "<group>";
		};
		9CC2DF0A1BEEE34C0040C7AA /* uty-jin */ = {
			isa = PBXGroup;
			children = (
				9CC2DF391BEEE4B90040C7AA /* FancyBalloons */,
				9C57F91A1C0742C00067D69C /* ios */,
				9CC2DF0B1BEEE34C0040C7AA /* AppDelegate.swift */,
				9CC2DF411BEF15D30040C7AA /* MainViewController.swift */,
				9CC2DF0D1BEEE34C0040C7AA /* GameViewController.swift */,
				9CC2DF4B1BF5FDBD0040C7AA /* GameScene.swift */,
				9CC2DF431BEF15E30040C7AA /* StaeViewController.swift */,
				9CC2DF0F1BEEE34C0040C7AA /* Main.storyboard */,
				9C6AEF4D1C1AB656000CA644 /* スクリーンショット 2015-12-11 16.36.02.png */,
				9C57F9161C073F3D0067D69C /* IMG_3430.JPG */,
				9C91029D1C007E5800592470 /* hoshi1.jpg */,
				9C6AEF4F1C1AD3EA000CA644 /* ha-to.png */,
				9C57F9121C0476440067D69C /* hoshi2.jpg */,
				9CC2DF4F1BFF3E2F0040C7AA /* utyujin1.PNG */,
				9C57F9101C02C1270067D69C /* tikyu.jpg */,
				9CC2DF4D1BF604CF0040C7AA /* utyujin2.PNG */,
				9C91029F1C008D3200592470 /* utyujin.jpg */,
				9CC2DF121BEEE34C0040C7AA /* Assets.xcassets */,
				9CC2DF141BEEE34C0040C7AA /* LaunchScreen.storyboard */,
				9CC2DF171BEEE34C0040C7AA /* Info.plist */,
			);
			path = "uty-jin";
			sourceTree = "<group>";
		};
		9CC2DF1F1BEEE34D0040C7AA /* uty-jinTests */ = {
			isa = PBXGroup;
			children = (
				9CC2DF201BEEE34D0040C7AA /* uty_jinTests.swift */,
				9CC2DF221BEEE34D0040C7AA /* Info.plist */,
			);
			path = "uty-jinTests";
			sourceTree = "<group>";
		};
		9CC2DF2A1BEEE34D0040C7AA /* uty-jinUITests */ = {
			isa = PBXGroup;
			children = (
				9CC2DF2B1BEEE34D0040C7AA /* uty_jinUITests.swift */,
				9CC2DF2D1BEEE34D0040C7AA /* Info.plist */,
			);
			path = "uty-jinUITests";
			sourceTree = "<group>";
		};
/* End PBXGroup section */

/* Begin PBXNativeTarget section */
		9CC2DF071BEEE34C0040C7AA /* uty-jin */ = {
			isa = PBXNativeTarget;
			buildConfigurationList = 9CC2DF301BEEE34D0040C7AA /* Build configuration list for PBXNativeTarget "uty-jin" */;
			buildPhases = (
				9CC2DF041BEEE34C0040C7AA /* Sources */,
				9CC2DF051BEEE34C0040C7AA /* Frameworks */,
				9CC2DF061BEEE34C0040C7AA /* Resources */,
			);
			buildRules = (
			);
			dependencies = (
			);
			name = "uty-jin";
			productName = "uty-jin";
			productReference = 9CC2DF081BEEE34C0040C7AA /* uty-jin.app */;
			productType = "com.apple.product-type.application";
		};
		9CC2DF1B1BEEE34D0040C7AA /* uty-jinTests */ = {
			isa = PBXNativeTarget;
			buildConfigurationList = 9CC2DF331BEEE34D0040C7AA /* Build configuration list for PBXNativeTarget "uty-jinTests" */;
			buildPhases = (
				9CC2DF181BEEE34D0040C7AA /* Sources */,
				9CC2DF191BEEE34D0040C7AA /* Frameworks */,
				9CC2DF1A1BEEE34D0040C7AA /* Resources */,
			);
			buildRules = (
			);
			dependencies = (
				9CC2DF1E1BEEE34D0040C7AA /* PBXTargetDependency */,
			);
			name = "uty-jinTests";
			productName = "uty-jinTests";
			productReference = 9CC2DF1C1BEEE34D0040C7AA /* uty-jinTests.xctest */;
			productType = "com.apple.product-type.bundle.unit-test";
		};
		9CC2DF261BEEE34D0040C7AA /* uty-jinUITests */ = {
			isa = PBXNativeTarget;
			buildConfigurationList = 9CC2DF361BEEE34D0040C7AA /* Build configuration list for PBXNativeTarget "uty-jinUITests" */;
			buildPhases = (
				9CC2DF231BEEE34D0040C7AA /* Sources */,
				9CC2DF241BEEE34D0040C7AA /* Frameworks */,
				9CC2DF251BEEE34D0040C7AA /* Resources */,
			);
			buildRules = (
			);
			dependencies = (
				9CC2DF291BEEE34D0040C7AA /* PBXTargetDependency */,
			);
			name = "uty-jinUITests";
			productName = "uty-jinUITests";
			productReference = 9CC2DF271BEEE34D0040C7AA /* uty-jinUITests.xctest */;
			productType = "com.apple.product-type.bundle.ui-testing";
		};
/* End PBXNativeTarget section */

/* Begin PBXProject section */
		9CC2DF001BEEE34C0040C7AA /* Project object */ = {
			isa = PBXProject;
			attributes = {
				LastSwiftUpdateCheck = 0710;
				LastUpgradeCheck = 0710;
				ORGANIZATIONNAME = KAREN;
				TargetAttributes = {
					9CC2DF071BEEE34C0040C7AA = {
						CreatedOnToolsVersion = 7.1;
					};
					9CC2DF1B1BEEE34D0040C7AA = {
						CreatedOnToolsVersion = 7.1;
						TestTargetID = 9CC2DF071BEEE34C0040C7AA;
					};
					9CC2DF261BEEE34D0040C7AA = {
						CreatedOnToolsVersion = 7.1;
						TestTargetID = 9CC2DF071BEEE34C0040C7AA;
					};
				};
			};
			buildConfigurationList = 9CC2DF031BEEE34C0040C7AA /* Build configuration list for PBXProject "uty-jin" */;
			compatibilityVersion = "Xcode 3.2";
			developmentRegion = English;
			hasScannedForEncodings = 0;
			knownRegions = (
				en,
				Base,
			);
			mainGroup = 9CC2DEFF1BEEE34C0040C7AA;
			productRefGroup = 9CC2DF091BEEE34C0040C7AA /* Products */;
			projectDirPath = "";
			projectRoot = "";
			targets = (
				9CC2DF071BEEE34C0040C7AA /* uty-jin */,
				9CC2DF1B1BEEE34D0040C7AA /* uty-jinTests */,
				9CC2DF261BEEE34D0040C7AA /* uty-jinUITests */,
			);
		};
/* End PBXProject section */

/* Begin PBXResourcesBuildPhase section */
		9CC2DF061BEEE34C0040C7AA /* Resources */ = {
			isa = PBXResourcesBuildPhase;
			buildActionMask = 2147483647;
			files = (
				9CC2DF3A1BEEE4B90040C7AA /* FancyBalloons in Resources */,
				9CC2DF161BEEE34C0040C7AA /* LaunchScreen.storyboard in Resources */,
				9C57F91B1C0742C00067D69C /* ios in Resources */,
				9CC2DF501BFF3E2F0040C7AA /* utyujin1.PNG in Resources */,
				9C57F9131C0476440067D69C /* hoshi2.jpg in Resources */,
				9C6AEF4E1C1AB656000CA644 /* スクリーンショット 2015-12-11 16.36.02.png in Resources */,
				9C57F9171C073F3D0067D69C /* IMG_3430.JPG in Resources */,
				9C6AEF501C1AD3EA000CA644 /* ha-to.png in Resources */,
				9CC2DF131BEEE34C0040C7AA /* Assets.xcassets in Resources */,
				9C57F9111C02C1270067D69C /* tikyu.jpg in Resources */,
				9C91029E1C007E5800592470 /* hoshi1.jpg in Resources */,
				9C9102A01C008D3200592470 /* utyujin.jpg in Resources */,
				9CC2DF111BEEE34C0040C7AA /* Main.storyboard in Resources */,
				9CC2DF4E1BF604CF0040C7AA /* utyujin2.PNG in Resources */,
			);
			runOnlyForDeploymentPostprocessing = 0;
		};
		9CC2DF1A1BEEE34D0040C7AA /* Resources */ = {
			isa = PBXResourcesBuildPhase;
			buildActionMask = 2147483647;
			files = (
			);
			runOnlyForDeploymentPostprocessing = 0;
		};
		9CC2DF251BEEE34D0040C7AA /* Resources */ = {
			isa = PBXResourcesBuildPhase;
			buildActionMask = 2147483647;
			files = (
			);
			runOnlyForDeploymentPostprocessing = 0;
		};
/* End PBXResourcesBuildPhase section */

/* Begin PBXSourcesBuildPhase section */
		9CC2DF041BEEE34C0040C7AA /* Sources */ = {
			isa = PBXSourcesBuildPhase;
			buildActionMask = 2147483647;
			files = (
				9CC2DF0E1BEEE34C0040C7AA /* GameViewController.swift in Sources */,
				9CC2DF4C1BF5FDBD0040C7AA /* GameScene.swift in Sources */,
				9CC2DF421BEF15D30040C7AA /* MainViewController.swift in Sources */,
				9CC2DF441BEF15E30040C7AA /* StaeViewController.swift in Sources */,
				9CC2DF0C1BEEE34C0040C7AA /* AppDelegate.swift in Sources */,
			);
			runOnlyForDeploymentPostprocessing = 0;
		};
		9CC2DF181BEEE34D0040C7AA /* Sources */ = {
			isa = PBXSourcesBuildPhase;
			buildActionMask = 2147483647;
			files = (
				9CC2DF211BEEE34D0040C7AA /* uty_jinTests.swift in Sources */,
			);
			runOnlyForDeploymentPostprocessing = 0;
		};
		9CC2DF231BEEE34D0040C7AA /* Sources */ = {
			isa = PBXSourcesBuildPhase;
			buildActionMask = 2147483647;
			files = (
				9CC2DF2C1BEEE34D0040C7AA /* uty_jinUITests.swift in Sources */,
			);
			runOnlyForDeploymentPostprocessing = 0;
		};
/* End PBXSourcesBuildPhase section */

/* Begin PBXTargetDependency section */
		9CC2DF1E1BEEE34D0040C7AA /* PBXTargetDependency */ = {
			isa = PBXTargetDependency;
			target = 9CC2DF071BEEE34C0040C7AA /* uty-jin */;
			targetProxy = 9CC2DF1D1BEEE34D0040C7AA /* PBXContainerItemProxy */;
		};
		9CC2DF291BEEE34D0040C7AA /* PBXTargetDependency */ = {
			isa = PBXTargetDependency;
			target = 9CC2DF071BEEE34C0040C7AA /* uty-jin */;
			targetProxy = 9CC2DF281BEEE34D0040C7AA /* PBXContainerItemProxy */;
		};
/* End PBXTargetDependency section */

/* Begin PBXVariantGroup section */
		9CC2DF0F1BEEE34C0040C7AA /* Main.storyboard */ = {
			isa = PBXVariantGroup;
			children = (
				9CC2DF101BEEE34C0040C7AA /* Base */,
			);
			name = Main.storyboard;
			sourceTree = "<group>";
		};
		9CC2DF141BEEE34C0040C7AA /* LaunchScreen.storyboard */ = {
			isa = PBXVariantGroup;
			children = (
				9CC2DF151BEEE34C0040C7AA /* Base */,
			);
			name = LaunchScreen.storyboard;
			sourceTree = "<group>";
		};
/* End PBXVariantGroup section */

/* Begin XCBuildConfiguration section */
		9CC2DF2E1BEEE34D0040C7AA /* Debug */ = {
			isa = XCBuildConfiguration;
			buildSettings = {
				ALWAYS_SEARCH_USER_PATHS = NO;
				CLANG_CXX_LANGUAGE_STANDARD = "gnu++0x";
				CLANG_CXX_LIBRARY = "libc++";
				CLANG_ENABLE_MODULES = YES;
				CLANG_ENABLE_OBJC_ARC = YES;
				CLANG_WARN_BOOL_CONVERSION = YES;
				CLANG_WARN_CONSTANT_CONVERSION = YES;
				CLANG_WARN_DIRECT_OBJC_ISA_USAGE = YES_ERROR;
				CLANG_WARN_EMPTY_BODY = YES;
				CLANG_WARN_ENUM_CONVERSION = YES;
				CLANG_WARN_INT_CONVERSION = YES;
				CLANG_WARN_OBJC_ROOT_CLASS = YES_ERROR;
				CLANG_WARN_UNREACHABLE_CODE = YES;
				CLANG_WARN__DUPLICATE_METHOD_MATCH = YES;
				"CODE_SIGN_IDENTITY[sdk=iphoneos*]" = "iPhone Developer";
				COPY_PHASE_STRIP = NO;
				DEBUG_INFORMATION_FORMAT = dwarf;
				ENABLE_STRICT_OBJC_MSGSEND = YES;
				ENABLE_TESTABILITY = YES;
				GCC_C_LANGUAGE_STANDARD = gnu99;
				GCC_DYNAMIC_NO_PIC = NO;
				GCC_NO_COMMON_BLOCKS = YES;
				GCC_OPTIMIZATION_LEVEL = 0;
				GCC_PREPROCESSOR_DEFINITIONS = (
					"DEBUG=1",
					"$(inherited)",
				);
				GCC_WARN_64_TO_32_BIT_CONVERSION = YES;
				GCC_WARN_ABOUT_RETURN_TYPE = YES_ERROR;
				GCC_WARN_UNDECLARED_SELECTOR = YES;
				GCC_WARN_UNINITIALIZED_AUTOS = YES_AGGRESSIVE;
				GCC_WARN_UNUSED_FUNCTION = YES;
				GCC_WARN_UNUSED_VARIABLE = YES;
				IPHONEOS_DEPLOYMENT_TARGET = 9.1;
				MTL_ENABLE_DEBUG_INFO = YES;
				ONLY_ACTIVE_ARCH = YES;
				SDKROOT = iphoneos;
				SWIFT_OPTIMIZATION_LEVEL = "-Onone";
			};
			name = Debug;
		};
		9CC2DF2F1BEEE34D0040C7AA /* Release */ = {
			isa = XCBuildConfiguration;
			buildSettings = {
				ALWAYS_SEARCH_USER_PATHS = NO;
				CLANG_CXX_LANGUAGE_STANDARD = "gnu++0x";
				CLANG_CXX_LIBRARY = "libc++";
				CLANG_ENABLE_MODULES = YES;
				CLANG_ENABLE_OBJC_ARC = YES;
				CLANG_WARN_BOOL_CONVERSION = YES;
				CLANG_WARN_CONSTANT_CONVERSION = YES;
				CLANG_WARN_DIRECT_OBJC_ISA_USAGE = YES_ERROR;
				CLANG_WARN_EMPTY_BODY = YES;
				CLANG_WARN_ENUM_CONVERSION = YES;
				CLANG_WARN_INT_CONVERSION = YES;
				CLANG_WARN_OBJC_ROOT_CLASS = YES_ERROR;
				CLANG_WARN_UNREACHABLE_CODE = YES;
				CLANG_WARN__DUPLICATE_METHOD_MATCH = YES;
				"CODE_SIGN_IDENTITY[sdk=iphoneos*]" = "iPhone Developer";
				COPY_PHASE_STRIP = NO;
				DEBUG_INFORMATION_FORMAT = "dwarf-with-dsym";
				ENABLE_NS_ASSERTIONS = NO;
				ENABLE_STRICT_OBJC_MSGSEND = YES;
				GCC_C_LANGUAGE_STANDARD = gnu99;
				GCC_NO_COMMON_BLOCKS = YES;
				GCC_WARN_64_TO_32_BIT_CONVERSION = YES;
				GCC_WARN_ABOUT_RETURN_TYPE = YES_ERROR;
				GCC_WARN_UNDECLARED_SELECTOR = YES;
				GCC_WARN_UNINITIALIZED_AUTOS = YES_AGGRESSIVE;
				GCC_WARN_UNUSED_FUNCTION = YES;
				GCC_WARN_UNUSED_VARIABLE = YES;
				IPHONEOS_DEPLOYMENT_TARGET = 9.1;
				MTL_ENABLE_DEBUG_INFO = NO;
				SDKROOT = iphoneos;
				VALIDATE_PRODUCT = YES;
			};
			name = Release;
		};
		9CC2DF311BEEE34D0040C7AA /* Debug */ = {
			isa = XCBuildConfiguration;
			buildSettings = {
				ASSETCATALOG_COMPILER_APPICON_NAME = AppIcon;
				INFOPLIST_FILE = "uty-jin/Info.plist";
				IPHONEOS_DEPLOYMENT_TARGET = 9.0;
				LD_RUNPATH_SEARCH_PATHS = "$(inherited) @executable_path/Frameworks";
				PRODUCT_BUNDLE_IDENTIFIER = "com.litech.uty-jin";
				PRODUCT_NAME = "$(TARGET_NAME)";
			};
			name = Debug;
		};
		9CC2DF321BEEE34D0040C7AA /* Release */ = {
			isa = XCBuildConfiguration;
			buildSettings = {
				ASSETCATALOG_COMPILER_APPICON_NAME = AppIcon;
				INFOPLIST_FILE = "uty-jin/Info.plist";
				IPHONEOS_DEPLOYMENT_TARGET = 9.0;
				LD_RUNPATH_SEARCH_PATHS = "$(inherited) @executable_path/Frameworks";
				PRODUCT_BUNDLE_IDENTIFIER = "com.litech.uty-jin";
				PRODUCT_NAME = "$(TARGET_NAME)";
			};
			name = Release;
		};
		9CC2DF341BEEE34D0040C7AA /* Debug */ = {
			isa = XCBuildConfiguration;
			buildSettings = {
				BUNDLE_LOADER = "$(TEST_HOST)";
				INFOPLIST_FILE = "uty-jinTests/Info.plist";
				LD_RUNPATH_SEARCH_PATHS = "$(inherited) @executable_path/Frameworks @loader_path/Frameworks";
				PRODUCT_BUNDLE_IDENTIFIER = "com.litech.uty-jinTests";
				PRODUCT_NAME = "$(TARGET_NAME)";
				TEST_HOST = "$(BUILT_PRODUCTS_DIR)/uty-jin.app/uty-jin";
			};
			name = Debug;
		};
		9CC2DF351BEEE34D0040C7AA /* Release */ = {
			isa = XCBuildConfiguration;
			buildSettings = {
				BUNDLE_LOADER = "$(TEST_HOST)";
				INFOPLIST_FILE = "uty-jinTests/Info.plist";
				LD_RUNPATH_SEARCH_PATHS = "$(inherited) @executable_path/Frameworks @loader_path/Frameworks";
				PRODUCT_BUNDLE_IDENTIFIER = "com.litech.uty-jinTests";
				PRODUCT_NAME = "$(TARGET_NAME)";
				TEST_HOST = "$(BUILT_PRODUCTS_DIR)/uty-jin.app/uty-jin";
			};
			name = Release;
		};
		9CC2DF371BEEE34D0040C7AA /* Debug */ = {
			isa = XCBuildConfiguration;
			buildSettings = {
				INFOPLIST_FILE = "uty-jinUITests/Info.plist";
				LD_RUNPATH_SEARCH_PATHS = "$(inherited) @executable_path/Frameworks @loader_path/Frameworks";
				PRODUCT_BUNDLE_IDENTIFIER = "com.litech.uty-jinUITests";
				PRODUCT_NAME = "$(TARGET_NAME)";
				TEST_TARGET_NAME = "uty-jin";
				USES_XCTRUNNER = YES;
			};
			name = Debug;
		};
		9CC2DF381BEEE34D0040C7AA /* Release */ = {
			isa = XCBuildConfiguration;
			buildSettings = {
				INFOPLIST_FILE = "uty-jinUITests/Info.plist";
				LD_RUNPATH_SEARCH_PATHS = "$(inherited) @executable_path/Frameworks @loader_path/Frameworks";
				PRODUCT_BUNDLE_IDENTIFIER = "com.litech.uty-jinUITests";
				PRODUCT_NAME = "$(TARGET_NAME)";
				TEST_TARGET_NAME = "uty-jin";
				USES_XCTRUNNER = YES;
			};
			name = Release;
		};
/* End XCBuildConfiguration section */

/* Begin XCConfigurationList section */
		9CC2DF031BEEE34C0040C7AA /* Build configuration list for PBXProject "uty-jin" */ = {
			isa = XCConfigurationList;
			buildConfigurations = (
				9CC2DF2E1BEEE34D0040C7AA /* Debug */,
				9CC2DF2F1BEEE34D0040C7AA /* Release */,
			);
			defaultConfigurationIsVisible = 0;
			defaultConfigurationName = Release;
		};
		9CC2DF301BEEE34D0040C7AA /* Build configuration list for PBXNativeTarget "uty-jin" */ = {
			isa = XCConfigurationList;
			buildConfigurations = (
				9CC2DF311BEEE34D0040C7AA /* Debug */,
				9CC2DF321BEEE34D0040C7AA /* Release */,
			);
			defaultConfigurationIsVisible = 0;
			defaultConfigurationName = Release;
		};
		9CC2DF331BEEE34D0040C7AA /* Build configuration list for PBXNativeTarget "uty-jinTests" */ = {
			isa = XCConfigurationList;
			buildConfigurations = (
				9CC2DF341BEEE34D0040C7AA /* Debug */,
				9CC2DF351BEEE34D0040C7AA /* Release */,
			);
			defaultConfigurationIsVisible = 0;
			defaultConfigurationName = Release;
		};
		9CC2DF361BEEE34D0040C7AA /* Build configuration list for PBXNativeTarget "uty-jinUITests" */ = {
			isa = XCConfigurationList;
			buildConfigurations = (
				9CC2DF371BEEE34D0040C7AA /* Debug */,
				9CC2DF381BEEE34D0040C7AA /* Release */,
			);
			defaultConfigurationIsVisible = 0;
			defaultConfigurationName = Release;
		};
/* End XCConfigurationList section */
	};
	rootObject = 9CC2DF001BEEE34C0040C7AA /* Project object */;
}
